
Microsoft Visual Studio Solution File, Format Version 12.00
# Visual Studio 15
VisualStudioVersion = 15.0.28010.2026
MinimumVisualStudioVersion = 10.0.40219.1
Project("{FAE04EC0-301F-11D3-BF4B-00C04F79EFBC}") = "Properties", "Properties\Properties.csproj", "{7B64DF65-C5F0-4F49-B106-3DF6760EDA46}"
EndProject
Project("{FAE04EC0-301F-11D3-BF4B-00C04F79EFBC}") = "MeirKalman", "MeirKalman\MeirKalman.csproj", "{1B3A12FC-FF3E-49D7-B20B-2BCB21F35A8D}"
EndProject
Project("{FAE04EC0-301F-11D3-BF4B-00C04F79EFBC}") = "Arrays", "Arrays\Arrays.csproj", "{CD807F6B-82A0-4FF2-97F1-A0694C4739C4}"
EndProject
Project("{FAE04EC0-301F-11D3-BF4B-00C04F79EFBC}") = "Functions", "Functions\Functions.csproj", "{63EE2ACE-72BD-4C5A-9A84-9A38F730FF96}"
EndProject
Project("{FAE04EC0-301F-11D3-BF4B-00C04F79EFBC}") = "Indexer", "Indexer\Indexer.csproj", "{6C055F6F-5390-451C-AF91-8D647629F689}"
EndProject
Project("{FAE04EC0-301F-11D3-BF4B-00C04F79EFBC}") = "Inheritance", "Inheritance\Inheritance.csproj", "{C06319BF-0E9F-4D82-B26C-8E587E6CA7B7}"
EndProject
Project("{8BC9CEB8-8B4A-11D0-8D11-00A0C91BC942}") = "cpp", "cpp\cpp.vcxproj", "{E7F810A7-68F5-428F-BC34-61BBF2B44D91}"
EndProject
Project("{FAE04EC0-301F-11D3-BF4B-00C04F79EFBC}") = "AnonymousObject", "AnonymousObject\AnonymousObject.csproj", "{45643CE4-E84B-494D-9981-803F64A9A583}"
EndProject
Global
	GlobalSection(SolutionConfigurationPlatforms) = preSolution
		Debug|Any CPU = Debug|Any CPU
		Debug|x64 = Debug|x64
		Debug|x86 = Debug|x86
		Release|Any CPU = Release|Any CPU
		Release|x64 = Release|x64
		Release|x86 = Release|x86
	EndGlobalSection
	GlobalSection(ProjectConfigurationPlatforms) = postSolution
		{7B64DF65-C5F0-4F49-B106-3DF6760EDA46}.Debug|Any CPU.ActiveCfg = Debug|Any CPU
		{7B64DF65-C5F0-4F49-B106-3DF6760EDA46}.Debug|Any CPU.Build.0 = Debug|Any CPU
		{7B64DF65-C5F0-4F49-B106-3DF6760EDA46}.Debug|x64.ActiveCfg = Debug|Any CPU
		{7B64DF65-C5F0-4F49-B106-3DF6760EDA46}.Debug|x64.Build.0 = Debug|Any CPU
		{7B64DF65-C5F0-4F49-B106-3DF6760EDA46}.Debug|x86.ActiveCfg = Debug|Any CPU
		{7B64DF65-C5F0-4F49-B106-3DF6760EDA46}.Debug|x86.Build.0 = Debug|Any CPU
		{7B64DF65-C5F0-4F49-B106-3DF6760EDA46}.Release|Any CPU.ActiveCfg = Release|Any CPU
		{7B64DF65-C5F0-4F49-B106-3DF6760EDA46}.Release|Any CPU.Build.0 = Release|Any CPU
		{7B64DF65-C5F0-4F49-B106-3DF6760EDA46}.Release|x64.ActiveCfg = Release|Any CPU
		{7B64DF65-C5F0-4F49-B106-3DF6760EDA46}.Release|x64.Build.0 = Release|Any CPU
		{7B64DF65-C5F0-4F49-B106-3DF6760EDA46}.Release|x86.ActiveCfg = Release|Any CPU
		{7B64DF65-C5F0-4F49-B106-3DF6760EDA46}.Release|x86.Build.0 = Release|Any CPU
		{1B3A12FC-FF3E-49D7-B20B-2BCB21F35A8D}.Debug|Any CPU.ActiveCfg = Debug|Any CPU
		{1B3A12FC-FF3E-49D7-B20B-2BCB21F35A8D}.Debug|Any CPU.Build.0 = Debug|Any CPU
		{1B3A12FC-FF3E-49D7-B20B-2BCB21F35A8D}.Debug|x64.ActiveCfg = Debug|Any CPU
		{1B3A12FC-FF3E-49D7-B20B-2BCB21F35A8D}.Debug|x64.Build.0 = Debug|Any CPU
		{1B3A12FC-FF3E-49D7-B20B-2BCB21F35A8D}.Debug|x86.ActiveCfg = Debug|Any CPU
		{1B3A12FC-FF3E-49D7-B20B-2BCB21F35A8D}.Debug|x86.Build.0 = Debug|Any CPU
		{1B3A12FC-FF3E-49D7-B20B-2BCB21F35A8D}.Release|Any CPU.ActiveCfg = Release|Any CPU
		{1B3A12FC-FF3E-49D7-B20B-2BCB21F35A8D}.Release|Any CPU.Build.0 = Release|Any CPU
		{1B3A12FC-FF3E-49D7-B20B-2BCB21F35A8D}.Release|x64.ActiveCfg = Release|Any CPU
		{1B3A12FC-FF3E-49D7-B20B-2BCB21F35A8D}.Release|x64.Build.0 = Release|Any CPU
		{1B3A12FC-FF3E-49D7-B20B-2BCB21F35A8D}.Release|x86.ActiveCfg = Release|Any CPU
		{1B3A12FC-FF3E-49D7-B20B-2BCB21F35A8D}.Release|x86.Build.0 = Release|Any CPU
		{CD807F6B-82A0-4FF2-97F1-A0694C4739C4}.Debug|Any CPU.ActiveCfg = Debug|Any CPU
		{CD807F6B-82A0-4FF2-97F1-A0694C4739C4}.Debug|Any CPU.Build.0 = Debug|Any CPU
		{CD807F6B-82A0-4FF2-97F1-A0694C4739C4}.Debug|x64.ActiveCfg = Debug|Any CPU
		{CD807F6B-82A0-4FF2-97F1-A0694C4739C4}.Debug|x64.Build.0 = Debug|Any CPU
		{CD807F6B-82A0-4FF2-97F1-A0694C4739C4}.Debug|x86.ActiveCfg = Debug|Any CPU
		{CD807F6B-82A0-4FF2-97F1-A0694C4739C4}.Debug|x86.Build.0 = Debug|Any CPU
		{CD807F6B-82A0-4FF2-97F1-A0694C4739C4}.Release|Any CPU.ActiveCfg = Release|Any CPU
		{CD807F6B-82A0-4FF2-97F1-A0694C4739C4}.Release|Any CPU.Build.0 = Release|Any CPU
		{CD807F6B-82A0-4FF2-97F1-A0694C4739C4}.Release|x64.ActiveCfg = Release|Any CPU
		{CD807F6B-82A0-4FF2-97F1-A0694C4739C4}.Release|x64.Build.0 = Release|Any CPU
		{CD807F6B-82A0-4FF2-97F1-A0694C4739C4}.Release|x86.ActiveCfg = Release|Any CPU
		{CD807F6B-82A0-4FF2-97F1-A0694C4739C4}.Release|x86.Build.0 = Release|Any CPU
		{63EE2ACE-72BD-4C5A-9A84-9A38F730FF96}.Debug|Any CPU.ActiveCfg = Debug|Any CPU
		{63EE2ACE-72BD-4C5A-9A84-9A38F730FF96}.Debug|Any CPU.Build.0 = Debug|Any CPU
		{63EE2ACE-72BD-4C5A-9A84-9A38F730FF96}.Debug|x64.ActiveCfg = Debug|Any CPU
		{63EE2ACE-72BD-4C5A-9A84-9A38F730FF96}.Debug|x64.Build.0 = Debug|Any CPU
		{63EE2ACE-72BD-4C5A-9A84-9A38F730FF96}.Debug|x86.ActiveCfg = Debug|Any CPU
		{63EE2ACE-72BD-4C5A-9A84-9A38F730FF96}.Debug|x86.Build.0 = Debug|Any CPU
		{63EE2ACE-72BD-4C5A-9A84-9A38F730FF96}.Release|Any CPU.ActiveCfg = Release|Any CPU
		{63EE2ACE-72BD-4C5A-9A84-9A38F730FF96}.Release|Any CPU.Build.0 = Release|Any CPU
		{63EE2ACE-72BD-4C5A-9A84-9A38F730FF96}.Release|x64.ActiveCfg = Release|Any CPU
		{63EE2ACE-72BD-4C5A-9A84-9A38F730FF96}.Release|x64.Build.0 = Release|Any CPU
		{63EE2ACE-72BD-4C5A-9A84-9A38F730FF96}.Release|x86.ActiveCfg = Release|Any CPU
		{63EE2ACE-72BD-4C5A-9A84-9A38F730FF96}.Release|x86.Build.0 = Release|Any CPU
		{6C055F6F-5390-451C-AF91-8D647629F689}.Debug|Any CPU.ActiveCfg = Debug|Any CPU
		{6C055F6F-5390-451C-AF91-8D647629F689}.Debug|Any CPU.Build.0 = Debug|Any CPU
		{6C055F6F-5390-451C-AF91-8D647629F689}.Debug|x64.ActiveCfg = Debug|Any CPU
		{6C055F6F-5390-451C-AF91-8D647629F689}.Debug|x64.Build.0 = Debug|Any CPU
		{6C055F6F-5390-451C-AF91-8D647629F689}.Debug|x86.ActiveCfg = Debug|Any CPU
		{6C055F6F-5390-451C-AF91-8D647629F689}.Debug|x86.Build.0 = Debug|Any CPU
		{6C055F6F-5390-451C-AF91-8D647629F689}.Release|Any CPU.ActiveCfg = Release|Any CPU
		{6C055F6F-5390-451C-AF91-8D647629F689}.Release|Any CPU.Build.0 = Release|Any CPU
		{6C055F6F-5390-451C-AF91-8D647629F689}.Release|x64.ActiveCfg = Release|Any CPU
		{6C055F6F-5390-451C-AF91-8D647629F689}.Release|x64.Build.0 = Release|Any CPU
		{6C055F6F-5390-451C-AF91-8D647629F689}.Release|x86.ActiveCfg = Release|Any CPU
		{6C055F6F-5390-451C-AF91-8D647629F689}.Release|x86.Build.0 = Release|Any CPU
		{C06319BF-0E9F-4D82-B26C-8E587E6CA7B7}.Debug|Any CPU.ActiveCfg = Debug|Any CPU
		{C06319BF-0E9F-4D82-B26C-8E587E6CA7B7}.Debug|Any CPU.Build.0 = Debug|Any CPU
		{C06319BF-0E9F-4D82-B26C-8E587E6CA7B7}.Debug|x64.ActiveCfg = Debug|Any CPU
		{C06319BF-0E9F-4D82-B26C-8E587E6CA7B7}.Debug|x64.Build.0 = Debug|Any CPU
		{C06319BF-0E9F-4D82-B26C-8E587E6CA7B7}.Debug|x86.ActiveCfg = Debug|Any CPU
		{C06319BF-0E9F-4D82-B26C-8E587E6CA7B7}.Debug|x86.Build.0 = Debug|Any CPU
		{C06319BF-0E9F-4D82-B26C-8E587E6CA7B7}.Release|Any CPU.ActiveCfg = Release|Any CPU
		{C06319BF-0E9F-4D82-B26C-8E587E6CA7B7}.Release|Any CPU.Build.0 = Release|Any CPU
		{C06319BF-0E9F-4D82-B26C-8E587E6CA7B7}.Release|x64.ActiveCfg = Release|Any CPU
		{C06319BF-0E9F-4D82-B26C-8E587E6CA7B7}.Release|x64.Build.0 = Release|Any CPU
		{C06319BF-0E9F-4D82-B26C-8E587E6CA7B7}.Release|x86.ActiveCfg = Release|Any CPU
		{C06319BF-0E9F-4D82-B26C-8E587E6CA7B7}.Release|x86.Build.0 = Release|Any CPU
		{E7F810A7-68F5-428F-BC34-61BBF2B44D91}.Debug|Any CPU.ActiveCfg = Debug|Win32
		{E7F810A7-68F5-428F-BC34-61BBF2B44D91}.Debug|x64.ActiveCfg = Debug|x64
		{E7F810A7-68F5-428F-BC34-61BBF2B44D91}.Debug|x64.Build.0 = Debug|x64
		{E7F810A7-68F5-428F-BC34-61BBF2B44D91}.Debug|x86.ActiveCfg = Debug|Win32
		{E7F810A7-68F5-428F-BC34-61BBF2B44D91}.Debug|x86.Build.0 = Debug|Win32
		{E7F810A7-68F5-428F-BC34-61BBF2B44D91}.Release|Any CPU.ActiveCfg = Release|Win32
		{E7F810A7-68F5-428F-BC34-61BBF2B44D91}.Release|x64.ActiveCfg = Release|x64
		{E7F810A7-68F5-428F-BC34-61BBF2B44D91}.Release|x64.Build.0 = Release|x64
		{E7F810A7-68F5-428F-BC34-61BBF2B44D91}.Release|x86.ActiveCfg = Release|Win32
		{E7F810A7-68F5-428F-BC34-61BBF2B44D91}.Release|x86.Build.0 = Release|Win32
		{45643CE4-E84B-494D-9981-803F64A9A583}.Debug|Any CPU.ActiveCfg = Debug|Any CPU
		{45643CE4-E84B-494D-9981-803F64A9A583}.Debug|Any CPU.Build.0 = Debug|Any CPU
		{45643CE4-E84B-494D-9981-803F64A9A583}.Debug|x64.ActiveCfg = Debug|Any CPU
		{45643CE4-E84B-494D-9981-803F64A9A583}.Debug|x64.Build.0 = Debug|Any CPU
		{45643CE4-E84B-494D-9981-803F64A9A583}.Debug|x86.ActiveCfg = Debug|Any CPU
		{45643CE4-E84B-494D-9981-803F64A9A583}.Debug|x86.Build.0 = Debug|Any CPU
		{45643CE4-E84B-494D-9981-803F64A9A583}.Release|Any CPU.ActiveCfg = Release|Any CPU
		{45643CE4-E84B-494D-9981-803F64A9A583}.Release|Any CPU.Build.0 = Release|Any CPU
		{45643CE4-E84B-494D-9981-803F64A9A583}.Release|x64.ActiveCfg = Release|Any CPU
		{45643CE4-E84B-494D-9981-803F64A9A583}.Release|x64.Build.0 = Release|Any CPU
		{45643CE4-E84B-494D-9981-803F64A9A583}.Release|x86.ActiveCfg = Release|Any CPU
		{45643CE4-E84B-494D-9981-803F64A9A583}.Release|x86.Build.0 = Release|Any CPU
	EndGlobalSection
	GlobalSection(SolutionProperties) = preSolution
		HideSolutionNode = FALSE
	EndGlobalSection
	GlobalSection(ExtensibilityGlobals) = postSolution
		SolutionGuid = {EABB8170-7D2C-48E4-AF27-E5B2371E5CF1}
	EndGlobalSection
EndGlobal
