
Microsoft Visual Studio Solution File, Format Version 12.00
# Visual Studio 15
VisualStudioVersion = 15.0.28010.2026
MinimumVisualStudioVersion = 10.0.40219.1
Project("{FAE04EC0-301F-11D3-BF4B-00C04F79EFBC}") = "Properties", "Properties\Properties.csproj", "{7B64DF65-C5F0-4F49-B106-3DF6760EDA46}"
EndProject
Project("{FAE04EC0-301F-11D3-BF4B-00C04F79EFBC}") = "MeirKalman", "MeirKalman\MeirKalman.csproj", "{1B3A12FC-FF3E-49D7-B20B-2BCB21F35A8D}"
EndProject
Project("{FAE04EC0-301F-11D3-BF4B-00C04F79EFBC}") = "Arrays", "Arrays\Arrays.csproj", "{CD807F6B-82A0-4FF2-97F1-A0694C4739C4}"
EndProject
Project("{FAE04EC0-301F-11D3-BF4B-00C04F79EFBC}") = "Functions", "Functions\Functions.csproj", "{63EE2ACE-72BD-4C5A-9A84-9A38F730FF96}"
EndProject
Project("{FAE04EC0-301F-11D3-BF4B-00C04F79EFBC}") = "Indexer", "Indexer\Indexer.csproj", "{6C055F6F-5390-451C-AF91-8D647629F689}"
EndProject
Project("{FAE04EC0-301F-11D3-BF4B-00C04F79EFBC}") = "Inheritance", "Inheritance\Inheritance.csproj", "{C06319BF-0E9F-4D82-B26C-8E587E6CA7B7}"
EndProject
Project("{8BC9CEB8-8B4A-11D0-8D11-00A0C91BC942}") = "cpp", "cpp\cpp.vcxproj", "{E7F810A7-68F5-428F-BC34-61BBF2B44D91}"
EndProject
Project("{FAE04EC0-301F-11D3-BF4B-00C04F79EFBC}") = "AnonymousObject", "AnonymousObject\AnonymousObject.csproj", "{45643CE4-E84B-494D-9981-803F64A9A583}"
EndProject
Project("{FAE04EC0-301F-11D3-BF4B-00C04F79EFBC}") = "ExtensionFunctions", "ExtensionFunctions\ExtensionFunctions.csproj", "{BAF6A5EB-CE34-45C3-8067-049842B40B2B}"
EndProject
Project("{FAE04EC0-301F-11D3-BF4B-00C04F79EFBC}") = "Exceptions", "Exceptions\Exceptions.csproj", "{288C2ED9-E1F9-48AE-B685-13ABEC0BEEC3}"
EndProject
Project("{FAE04EC0-301F-11D3-BF4B-00C04F79EFBC}") = "Printer", "Printer\Printer.csproj", "{06EF06F6-0F99-4E98-96D4-E5A18D1DD35F}"
EndProject
Project("{FAE04EC0-301F-11D3-BF4B-00C04F79EFBC}") = "Wpf1", "Wpf1\Wpf1.csproj", "{8DA754A4-6465-4D34-AAF1-E83DCF633602}"
EndProject
Project("{FAE04EC0-301F-11D3-BF4B-00C04F79EFBC}") = "_PL_GUI", "_PL\_PL_GUI.csproj", "{5E71B58D-3085-4B93-9E9C-797BF563BAA8}"
	ProjectSection(ProjectDependencies) = postProject
		{7D6D549F-ECC7-41BA-869F-E5CB945191CC} = {7D6D549F-ECC7-41BA-869F-E5CB945191CC}
		{5BD3C8A4-2E54-4932-8E10-C12E8B0213A5} = {5BD3C8A4-2E54-4932-8E10-C12E8B0213A5}
	EndProjectSection
EndProject
Project("{FAE04EC0-301F-11D3-BF4B-00C04F79EFBC}") = "_BL", "_BL\_BL.csproj", "{5BD3C8A4-2E54-4932-8E10-C12E8B0213A5}"
	ProjectSection(ProjectDependencies) = postProject
		{1C619E40-F880-4462-B94E-EB4A16313D26} = {1C619E40-F880-4462-B94E-EB4A16313D26}
		{7D6D549F-ECC7-41BA-869F-E5CB945191CC} = {7D6D549F-ECC7-41BA-869F-E5CB945191CC}
		{EFA3D5A8-2EFA-4998-894D-4C3B7FBDE9C1} = {EFA3D5A8-2EFA-4998-894D-4C3B7FBDE9C1}
	EndProjectSection
EndProject
Project("{FAE04EC0-301F-11D3-BF4B-00C04F79EFBC}") = "_PL_Console", "_PL_Console\_PL_Console.csproj", "{5B1DFEC8-549A-4684-993D-D70162DF2D48}"
	ProjectSection(ProjectDependencies) = postProject
		{7D6D549F-ECC7-41BA-869F-E5CB945191CC} = {7D6D549F-ECC7-41BA-869F-E5CB945191CC}
		{5BD3C8A4-2E54-4932-8E10-C12E8B0213A5} = {5BD3C8A4-2E54-4932-8E10-C12E8B0213A5}
	EndProjectSection
EndProject
Project("{FAE04EC0-301F-11D3-BF4B-00C04F79EFBC}") = "_DL", "_DL\_DL.csproj", "{EFA3D5A8-2EFA-4998-894D-4C3B7FBDE9C1}"
	ProjectSection(ProjectDependencies) = postProject
		{1C619E40-F880-4462-B94E-EB4A16313D26} = {1C619E40-F880-4462-B94E-EB4A16313D26}
	EndProjectSection
EndProject
Project("{FAE04EC0-301F-11D3-BF4B-00C04F79EFBC}") = "_BO", "_BO\_BO.csproj", "{7D6D549F-ECC7-41BA-869F-E5CB945191CC}"
EndProject
Project("{FAE04EC0-301F-11D3-BF4B-00C04F79EFBC}") = "_DO", "_DO\_DO.csproj", "{1C619E40-F880-4462-B94E-EB4A16313D26}"
EndProject
Project("{FAE04EC0-301F-11D3-BF4B-00C04F79EFBC}") = "Linq", "Linq\Linq.csproj", "{2EB32DF2-458A-44AD-9051-2B9E26ADE923}"
EndProject
Global
	GlobalSection(SolutionConfigurationPlatforms) = preSolution
		Debug|Any CPU = Debug|Any CPU
		Debug|x64 = Debug|x64
		Debug|x86 = Debug|x86
		Release|Any CPU = Release|Any CPU
		Release|x64 = Release|x64
		Release|x86 = Release|x86
	EndGlobalSection
	GlobalSection(ProjectConfigurationPlatforms) = postSolution
		{7B64DF65-C5F0-4F49-B106-3DF6760EDA46}.Debug|Any CPU.ActiveCfg = Debug|Any CPU
		{7B64DF65-C5F0-4F49-B106-3DF6760EDA46}.Debug|Any CPU.Build.0 = Debug|Any CPU
		{7B64DF65-C5F0-4F49-B106-3DF6760EDA46}.Debug|x64.ActiveCfg = Debug|Any CPU
		{7B64DF65-C5F0-4F49-B106-3DF6760EDA46}.Debug|x64.Build.0 = Debug|Any CPU
		{7B64DF65-C5F0-4F49-B106-3DF6760EDA46}.Debug|x86.ActiveCfg = Debug|Any CPU
		{7B64DF65-C5F0-4F49-B106-3DF6760EDA46}.Debug|x86.Build.0 = Debug|Any CPU
		{7B64DF65-C5F0-4F49-B106-3DF6760EDA46}.Release|Any CPU.ActiveCfg = Release|Any CPU
		{7B64DF65-C5F0-4F49-B106-3DF6760EDA46}.Release|Any CPU.Build.0 = Release|Any CPU
		{7B64DF65-C5F0-4F49-B106-3DF6760EDA46}.Release|x64.ActiveCfg = Release|Any CPU
		{7B64DF65-C5F0-4F49-B106-3DF6760EDA46}.Release|x64.Build.0 = Release|Any CPU
		{7B64DF65-C5F0-4F49-B106-3DF6760EDA46}.Release|x86.ActiveCfg = Release|Any CPU
		{7B64DF65-C5F0-4F49-B106-3DF6760EDA46}.Release|x86.Build.0 = Release|Any CPU
		{1B3A12FC-FF3E-49D7-B20B-2BCB21F35A8D}.Debug|Any CPU.ActiveCfg = Debug|Any CPU
		{1B3A12FC-FF3E-49D7-B20B-2BCB21F35A8D}.Debug|Any CPU.Build.0 = Debug|Any CPU
		{1B3A12FC-FF3E-49D7-B20B-2BCB21F35A8D}.Debug|x64.ActiveCfg = Debug|Any CPU
		{1B3A12FC-FF3E-49D7-B20B-2BCB21F35A8D}.Debug|x64.Build.0 = Debug|Any CPU
		{1B3A12FC-FF3E-49D7-B20B-2BCB21F35A8D}.Debug|x86.ActiveCfg = Debug|Any CPU
		{1B3A12FC-FF3E-49D7-B20B-2BCB21F35A8D}.Debug|x86.Build.0 = Debug|Any CPU
		{1B3A12FC-FF3E-49D7-B20B-2BCB21F35A8D}.Release|Any CPU.ActiveCfg = Release|Any CPU
		{1B3A12FC-FF3E-49D7-B20B-2BCB21F35A8D}.Release|Any CPU.Build.0 = Release|Any CPU
		{1B3A12FC-FF3E-49D7-B20B-2BCB21F35A8D}.Release|x64.ActiveCfg = Release|Any CPU
		{1B3A12FC-FF3E-49D7-B20B-2BCB21F35A8D}.Release|x64.Build.0 = Release|Any CPU
		{1B3A12FC-FF3E-49D7-B20B-2BCB21F35A8D}.Release|x86.ActiveCfg = Release|Any CPU
		{1B3A12FC-FF3E-49D7-B20B-2BCB21F35A8D}.Release|x86.Build.0 = Release|Any CPU
		{CD807F6B-82A0-4FF2-97F1-A0694C4739C4}.Debug|Any CPU.ActiveCfg = Debug|Any CPU
		{CD807F6B-82A0-4FF2-97F1-A0694C4739C4}.Debug|Any CPU.Build.0 = Debug|Any CPU
		{CD807F6B-82A0-4FF2-97F1-A0694C4739C4}.Debug|x64.ActiveCfg = Debug|Any CPU
		{CD807F6B-82A0-4FF2-97F1-A0694C4739C4}.Debug|x64.Build.0 = Debug|Any CPU
		{CD807F6B-82A0-4FF2-97F1-A0694C4739C4}.Debug|x86.ActiveCfg = Debug|Any CPU
		{CD807F6B-82A0-4FF2-97F1-A0694C4739C4}.Debug|x86.Build.0 = Debug|Any CPU
		{CD807F6B-82A0-4FF2-97F1-A0694C4739C4}.Release|Any CPU.ActiveCfg = Release|Any CPU
		{CD807F6B-82A0-4FF2-97F1-A0694C4739C4}.Release|Any CPU.Build.0 = Release|Any CPU
		{CD807F6B-82A0-4FF2-97F1-A0694C4739C4}.Release|x64.ActiveCfg = Release|Any CPU
		{CD807F6B-82A0-4FF2-97F1-A0694C4739C4}.Release|x64.Build.0 = Release|Any CPU
		{CD807F6B-82A0-4FF2-97F1-A0694C4739C4}.Release|x86.ActiveCfg = Release|Any CPU
		{CD807F6B-82A0-4FF2-97F1-A0694C4739C4}.Release|x86.Build.0 = Release|Any CPU
		{63EE2ACE-72BD-4C5A-9A84-9A38F730FF96}.Debug|Any CPU.ActiveCfg = Debug|Any CPU
		{63EE2ACE-72BD-4C5A-9A84-9A38F730FF96}.Debug|Any CPU.Build.0 = Debug|Any CPU
		{63EE2ACE-72BD-4C5A-9A84-9A38F730FF96}.Debug|x64.ActiveCfg = Debug|Any CPU
		{63EE2ACE-72BD-4C5A-9A84-9A38F730FF96}.Debug|x64.Build.0 = Debug|Any CPU
		{63EE2ACE-72BD-4C5A-9A84-9A38F730FF96}.Debug|x86.ActiveCfg = Debug|Any CPU
		{63EE2ACE-72BD-4C5A-9A84-9A38F730FF96}.Debug|x86.Build.0 = Debug|Any CPU
		{63EE2ACE-72BD-4C5A-9A84-9A38F730FF96}.Release|Any CPU.ActiveCfg = Release|Any CPU
		{63EE2ACE-72BD-4C5A-9A84-9A38F730FF96}.Release|Any CPU.Build.0 = Release|Any CPU
		{63EE2ACE-72BD-4C5A-9A84-9A38F730FF96}.Release|x64.ActiveCfg = Release|Any CPU
		{63EE2ACE-72BD-4C5A-9A84-9A38F730FF96}.Release|x64.Build.0 = Release|Any CPU
		{63EE2ACE-72BD-4C5A-9A84-9A38F730FF96}.Release|x86.ActiveCfg = Release|Any CPU
		{63EE2ACE-72BD-4C5A-9A84-9A38F730FF96}.Release|x86.Build.0 = Release|Any CPU
		{6C055F6F-5390-451C-AF91-8D647629F689}.Debug|Any CPU.ActiveCfg = Debug|Any CPU
		{6C055F6F-5390-451C-AF91-8D647629F689}.Debug|Any CPU.Build.0 = Debug|Any CPU
		{6C055F6F-5390-451C-AF91-8D647629F689}.Debug|x64.ActiveCfg = Debug|Any CPU
		{6C055F6F-5390-451C-AF91-8D647629F689}.Debug|x64.Build.0 = Debug|Any CPU
		{6C055F6F-5390-451C-AF91-8D647629F689}.Debug|x86.ActiveCfg = Debug|Any CPU
		{6C055F6F-5390-451C-AF91-8D647629F689}.Debug|x86.Build.0 = Debug|Any CPU
		{6C055F6F-5390-451C-AF91-8D647629F689}.Release|Any CPU.ActiveCfg = Release|Any CPU
		{6C055F6F-5390-451C-AF91-8D647629F689}.Release|Any CPU.Build.0 = Release|Any CPU
		{6C055F6F-5390-451C-AF91-8D647629F689}.Release|x64.ActiveCfg = Release|Any CPU
		{6C055F6F-5390-451C-AF91-8D647629F689}.Release|x64.Build.0 = Release|Any CPU
		{6C055F6F-5390-451C-AF91-8D647629F689}.Release|x86.ActiveCfg = Release|Any CPU
		{6C055F6F-5390-451C-AF91-8D647629F689}.Release|x86.Build.0 = Release|Any CPU
		{C06319BF-0E9F-4D82-B26C-8E587E6CA7B7}.Debug|Any CPU.ActiveCfg = Debug|Any CPU
		{C06319BF-0E9F-4D82-B26C-8E587E6CA7B7}.Debug|Any CPU.Build.0 = Debug|Any CPU
		{C06319BF-0E9F-4D82-B26C-8E587E6CA7B7}.Debug|x64.ActiveCfg = Debug|Any CPU
		{C06319BF-0E9F-4D82-B26C-8E587E6CA7B7}.Debug|x64.Build.0 = Debug|Any CPU
		{C06319BF-0E9F-4D82-B26C-8E587E6CA7B7}.Debug|x86.ActiveCfg = Debug|Any CPU
		{C06319BF-0E9F-4D82-B26C-8E587E6CA7B7}.Debug|x86.Build.0 = Debug|Any CPU
		{C06319BF-0E9F-4D82-B26C-8E587E6CA7B7}.Release|Any CPU.ActiveCfg = Release|Any CPU
		{C06319BF-0E9F-4D82-B26C-8E587E6CA7B7}.Release|Any CPU.Build.0 = Release|Any CPU
		{C06319BF-0E9F-4D82-B26C-8E587E6CA7B7}.Release|x64.ActiveCfg = Release|Any CPU
		{C06319BF-0E9F-4D82-B26C-8E587E6CA7B7}.Release|x64.Build.0 = Release|Any CPU
		{C06319BF-0E9F-4D82-B26C-8E587E6CA7B7}.Release|x86.ActiveCfg = Release|Any CPU
		{C06319BF-0E9F-4D82-B26C-8E587E6CA7B7}.Release|x86.Build.0 = Release|Any CPU
		{E7F810A7-68F5-428F-BC34-61BBF2B44D91}.Debug|Any CPU.ActiveCfg = Debug|Win32
		{E7F810A7-68F5-428F-BC34-61BBF2B44D91}.Debug|x64.ActiveCfg = Debug|x64
		{E7F810A7-68F5-428F-BC34-61BBF2B44D91}.Debug|x64.Build.0 = Debug|x64
		{E7F810A7-68F5-428F-BC34-61BBF2B44D91}.Debug|x86.ActiveCfg = Debug|Win32
		{E7F810A7-68F5-428F-BC34-61BBF2B44D91}.Debug|x86.Build.0 = Debug|Win32
		{E7F810A7-68F5-428F-BC34-61BBF2B44D91}.Release|Any CPU.ActiveCfg = Release|Win32
		{E7F810A7-68F5-428F-BC34-61BBF2B44D91}.Release|x64.ActiveCfg = Release|x64
		{E7F810A7-68F5-428F-BC34-61BBF2B44D91}.Release|x64.Build.0 = Release|x64
		{E7F810A7-68F5-428F-BC34-61BBF2B44D91}.Release|x86.ActiveCfg = Release|Win32
		{E7F810A7-68F5-428F-BC34-61BBF2B44D91}.Release|x86.Build.0 = Release|Win32
		{45643CE4-E84B-494D-9981-803F64A9A583}.Debug|Any CPU.ActiveCfg = Debug|Any CPU
		{45643CE4-E84B-494D-9981-803F64A9A583}.Debug|Any CPU.Build.0 = Debug|Any CPU
		{45643CE4-E84B-494D-9981-803F64A9A583}.Debug|x64.ActiveCfg = Debug|Any CPU
		{45643CE4-E84B-494D-9981-803F64A9A583}.Debug|x64.Build.0 = Debug|Any CPU
		{45643CE4-E84B-494D-9981-803F64A9A583}.Debug|x86.ActiveCfg = Debug|Any CPU
		{45643CE4-E84B-494D-9981-803F64A9A583}.Debug|x86.Build.0 = Debug|Any CPU
		{45643CE4-E84B-494D-9981-803F64A9A583}.Release|Any CPU.ActiveCfg = Release|Any CPU
		{45643CE4-E84B-494D-9981-803F64A9A583}.Release|Any CPU.Build.0 = Release|Any CPU
		{45643CE4-E84B-494D-9981-803F64A9A583}.Release|x64.ActiveCfg = Release|Any CPU
		{45643CE4-E84B-494D-9981-803F64A9A583}.Release|x64.Build.0 = Release|Any CPU
		{45643CE4-E84B-494D-9981-803F64A9A583}.Release|x86.ActiveCfg = Release|Any CPU
		{45643CE4-E84B-494D-9981-803F64A9A583}.Release|x86.Build.0 = Release|Any CPU
		{BAF6A5EB-CE34-45C3-8067-049842B40B2B}.Debug|Any CPU.ActiveCfg = Debug|Any CPU
		{BAF6A5EB-CE34-45C3-8067-049842B40B2B}.Debug|Any CPU.Build.0 = Debug|Any CPU
		{BAF6A5EB-CE34-45C3-8067-049842B40B2B}.Debug|x64.ActiveCfg = Debug|Any CPU
		{BAF6A5EB-CE34-45C3-8067-049842B40B2B}.Debug|x64.Build.0 = Debug|Any CPU
		{BAF6A5EB-CE34-45C3-8067-049842B40B2B}.Debug|x86.ActiveCfg = Debug|Any CPU
		{BAF6A5EB-CE34-45C3-8067-049842B40B2B}.Debug|x86.Build.0 = Debug|Any CPU
		{BAF6A5EB-CE34-45C3-8067-049842B40B2B}.Release|Any CPU.ActiveCfg = Release|Any CPU
		{BAF6A5EB-CE34-45C3-8067-049842B40B2B}.Release|Any CPU.Build.0 = Release|Any CPU
		{BAF6A5EB-CE34-45C3-8067-049842B40B2B}.Release|x64.ActiveCfg = Release|Any CPU
		{BAF6A5EB-CE34-45C3-8067-049842B40B2B}.Release|x64.Build.0 = Release|Any CPU
		{BAF6A5EB-CE34-45C3-8067-049842B40B2B}.Release|x86.ActiveCfg = Release|Any CPU
		{BAF6A5EB-CE34-45C3-8067-049842B40B2B}.Release|x86.Build.0 = Release|Any CPU
		{288C2ED9-E1F9-48AE-B685-13ABEC0BEEC3}.Debug|Any CPU.ActiveCfg = Debug|Any CPU
		{288C2ED9-E1F9-48AE-B685-13ABEC0BEEC3}.Debug|Any CPU.Build.0 = Debug|Any CPU
		{288C2ED9-E1F9-48AE-B685-13ABEC0BEEC3}.Debug|x64.ActiveCfg = Debug|Any CPU
		{288C2ED9-E1F9-48AE-B685-13ABEC0BEEC3}.Debug|x64.Build.0 = Debug|Any CPU
		{288C2ED9-E1F9-48AE-B685-13ABEC0BEEC3}.Debug|x86.ActiveCfg = Debug|Any CPU
		{288C2ED9-E1F9-48AE-B685-13ABEC0BEEC3}.Debug|x86.Build.0 = Debug|Any CPU
		{288C2ED9-E1F9-48AE-B685-13ABEC0BEEC3}.Release|Any CPU.ActiveCfg = Release|Any CPU
		{288C2ED9-E1F9-48AE-B685-13ABEC0BEEC3}.Release|Any CPU.Build.0 = Release|Any CPU
		{288C2ED9-E1F9-48AE-B685-13ABEC0BEEC3}.Release|x64.ActiveCfg = Release|Any CPU
		{288C2ED9-E1F9-48AE-B685-13ABEC0BEEC3}.Release|x64.Build.0 = Release|Any CPU
		{288C2ED9-E1F9-48AE-B685-13ABEC0BEEC3}.Release|x86.ActiveCfg = Release|Any CPU
		{288C2ED9-E1F9-48AE-B685-13ABEC0BEEC3}.Release|x86.Build.0 = Release|Any CPU
		{06EF06F6-0F99-4E98-96D4-E5A18D1DD35F}.Debug|Any CPU.ActiveCfg = Debug|Any CPU
		{06EF06F6-0F99-4E98-96D4-E5A18D1DD35F}.Debug|Any CPU.Build.0 = Debug|Any CPU
		{06EF06F6-0F99-4E98-96D4-E5A18D1DD35F}.Debug|x64.ActiveCfg = Debug|Any CPU
		{06EF06F6-0F99-4E98-96D4-E5A18D1DD35F}.Debug|x64.Build.0 = Debug|Any CPU
		{06EF06F6-0F99-4E98-96D4-E5A18D1DD35F}.Debug|x86.ActiveCfg = Debug|Any CPU
		{06EF06F6-0F99-4E98-96D4-E5A18D1DD35F}.Debug|x86.Build.0 = Debug|Any CPU
		{06EF06F6-0F99-4E98-96D4-E5A18D1DD35F}.Release|Any CPU.ActiveCfg = Release|Any CPU
		{06EF06F6-0F99-4E98-96D4-E5A18D1DD35F}.Release|Any CPU.Build.0 = Release|Any CPU
		{06EF06F6-0F99-4E98-96D4-E5A18D1DD35F}.Release|x64.ActiveCfg = Release|Any CPU
		{06EF06F6-0F99-4E98-96D4-E5A18D1DD35F}.Release|x64.Build.0 = Release|Any CPU
		{06EF06F6-0F99-4E98-96D4-E5A18D1DD35F}.Release|x86.ActiveCfg = Release|Any CPU
		{06EF06F6-0F99-4E98-96D4-E5A18D1DD35F}.Release|x86.Build.0 = Release|Any CPU
		{8DA754A4-6465-4D34-AAF1-E83DCF633602}.Debug|Any CPU.ActiveCfg = Debug|Any CPU
		{8DA754A4-6465-4D34-AAF1-E83DCF633602}.Debug|Any CPU.Build.0 = Debug|Any CPU
		{8DA754A4-6465-4D34-AAF1-E83DCF633602}.Debug|x64.ActiveCfg = Debug|Any CPU
		{8DA754A4-6465-4D34-AAF1-E83DCF633602}.Debug|x64.Build.0 = Debug|Any CPU
		{8DA754A4-6465-4D34-AAF1-E83DCF633602}.Debug|x86.ActiveCfg = Debug|Any CPU
		{8DA754A4-6465-4D34-AAF1-E83DCF633602}.Debug|x86.Build.0 = Debug|Any CPU
		{8DA754A4-6465-4D34-AAF1-E83DCF633602}.Release|Any CPU.ActiveCfg = Release|Any CPU
		{8DA754A4-6465-4D34-AAF1-E83DCF633602}.Release|Any CPU.Build.0 = Release|Any CPU
		{8DA754A4-6465-4D34-AAF1-E83DCF633602}.Release|x64.ActiveCfg = Release|Any CPU
		{8DA754A4-6465-4D34-AAF1-E83DCF633602}.Release|x64.Build.0 = Release|Any CPU
		{8DA754A4-6465-4D34-AAF1-E83DCF633602}.Release|x86.ActiveCfg = Release|Any CPU
		{8DA754A4-6465-4D34-AAF1-E83DCF633602}.Release|x86.Build.0 = Release|Any CPU
		{5E71B58D-3085-4B93-9E9C-797BF563BAA8}.Debug|Any CPU.ActiveCfg = Debug|Any CPU
		{5E71B58D-3085-4B93-9E9C-797BF563BAA8}.Debug|Any CPU.Build.0 = Debug|Any CPU
		{5E71B58D-3085-4B93-9E9C-797BF563BAA8}.Debug|x64.ActiveCfg = Debug|Any CPU
		{5E71B58D-3085-4B93-9E9C-797BF563BAA8}.Debug|x64.Build.0 = Debug|Any CPU
		{5E71B58D-3085-4B93-9E9C-797BF563BAA8}.Debug|x86.ActiveCfg = Debug|Any CPU
		{5E71B58D-3085-4B93-9E9C-797BF563BAA8}.Debug|x86.Build.0 = Debug|Any CPU
		{5E71B58D-3085-4B93-9E9C-797BF563BAA8}.Release|Any CPU.ActiveCfg = Release|Any CPU
		{5E71B58D-3085-4B93-9E9C-797BF563BAA8}.Release|Any CPU.Build.0 = Release|Any CPU
		{5E71B58D-3085-4B93-9E9C-797BF563BAA8}.Release|x64.ActiveCfg = Release|Any CPU
		{5E71B58D-3085-4B93-9E9C-797BF563BAA8}.Release|x64.Build.0 = Release|Any CPU
		{5E71B58D-3085-4B93-9E9C-797BF563BAA8}.Release|x86.ActiveCfg = Release|Any CPU
		{5E71B58D-3085-4B93-9E9C-797BF563BAA8}.Release|x86.Build.0 = Release|Any CPU
		{5BD3C8A4-2E54-4932-8E10-C12E8B0213A5}.Debug|Any CPU.ActiveCfg = Debug|Any CPU
		{5BD3C8A4-2E54-4932-8E10-C12E8B0213A5}.Debug|Any CPU.Build.0 = Debug|Any CPU
		{5BD3C8A4-2E54-4932-8E10-C12E8B0213A5}.Debug|x64.ActiveCfg = Debug|Any CPU
		{5BD3C8A4-2E54-4932-8E10-C12E8B0213A5}.Debug|x64.Build.0 = Debug|Any CPU
		{5BD3C8A4-2E54-4932-8E10-C12E8B0213A5}.Debug|x86.ActiveCfg = Debug|Any CPU
		{5BD3C8A4-2E54-4932-8E10-C12E8B0213A5}.Debug|x86.Build.0 = Debug|Any CPU
		{5BD3C8A4-2E54-4932-8E10-C12E8B0213A5}.Release|Any CPU.ActiveCfg = Release|Any CPU
		{5BD3C8A4-2E54-4932-8E10-C12E8B0213A5}.Release|Any CPU.Build.0 = Release|Any CPU
		{5BD3C8A4-2E54-4932-8E10-C12E8B0213A5}.Release|x64.ActiveCfg = Release|Any CPU
		{5BD3C8A4-2E54-4932-8E10-C12E8B0213A5}.Release|x64.Build.0 = Release|Any CPU
		{5BD3C8A4-2E54-4932-8E10-C12E8B0213A5}.Release|x86.ActiveCfg = Release|Any CPU
		{5BD3C8A4-2E54-4932-8E10-C12E8B0213A5}.Release|x86.Build.0 = Release|Any CPU
		{5B1DFEC8-549A-4684-993D-D70162DF2D48}.Debug|Any CPU.ActiveCfg = Debug|Any CPU
		{5B1DFEC8-549A-4684-993D-D70162DF2D48}.Debug|Any CPU.Build.0 = Debug|Any CPU
		{5B1DFEC8-549A-4684-993D-D70162DF2D48}.Debug|x64.ActiveCfg = Debug|Any CPU
		{5B1DFEC8-549A-4684-993D-D70162DF2D48}.Debug|x64.Build.0 = Debug|Any CPU
		{5B1DFEC8-549A-4684-993D-D70162DF2D48}.Debug|x86.ActiveCfg = Debug|Any CPU
		{5B1DFEC8-549A-4684-993D-D70162DF2D48}.Debug|x86.Build.0 = Debug|Any CPU
		{5B1DFEC8-549A-4684-993D-D70162DF2D48}.Release|Any CPU.ActiveCfg = Release|Any CPU
		{5B1DFEC8-549A-4684-993D-D70162DF2D48}.Release|Any CPU.Build.0 = Release|Any CPU
		{5B1DFEC8-549A-4684-993D-D70162DF2D48}.Release|x64.ActiveCfg = Release|Any CPU
		{5B1DFEC8-549A-4684-993D-D70162DF2D48}.Release|x64.Build.0 = Release|Any CPU
		{5B1DFEC8-549A-4684-993D-D70162DF2D48}.Release|x86.ActiveCfg = Release|Any CPU
		{5B1DFEC8-549A-4684-993D-D70162DF2D48}.Release|x86.Build.0 = Release|Any CPU
		{EFA3D5A8-2EFA-4998-894D-4C3B7FBDE9C1}.Debug|Any CPU.ActiveCfg = Debug|Any CPU
		{EFA3D5A8-2EFA-4998-894D-4C3B7FBDE9C1}.Debug|Any CPU.Build.0 = Debug|Any CPU
		{EFA3D5A8-2EFA-4998-894D-4C3B7FBDE9C1}.Debug|x64.ActiveCfg = Debug|Any CPU
		{EFA3D5A8-2EFA-4998-894D-4C3B7FBDE9C1}.Debug|x64.Build.0 = Debug|Any CPU
		{EFA3D5A8-2EFA-4998-894D-4C3B7FBDE9C1}.Debug|x86.ActiveCfg = Debug|Any CPU
		{EFA3D5A8-2EFA-4998-894D-4C3B7FBDE9C1}.Debug|x86.Build.0 = Debug|Any CPU
		{EFA3D5A8-2EFA-4998-894D-4C3B7FBDE9C1}.Release|Any CPU.ActiveCfg = Release|Any CPU
		{EFA3D5A8-2EFA-4998-894D-4C3B7FBDE9C1}.Release|Any CPU.Build.0 = Release|Any CPU
		{EFA3D5A8-2EFA-4998-894D-4C3B7FBDE9C1}.Release|x64.ActiveCfg = Release|Any CPU
		{EFA3D5A8-2EFA-4998-894D-4C3B7FBDE9C1}.Release|x64.Build.0 = Release|Any CPU
		{EFA3D5A8-2EFA-4998-894D-4C3B7FBDE9C1}.Release|x86.ActiveCfg = Release|Any CPU
		{EFA3D5A8-2EFA-4998-894D-4C3B7FBDE9C1}.Release|x86.Build.0 = Release|Any CPU
		{7D6D549F-ECC7-41BA-869F-E5CB945191CC}.Debug|Any CPU.ActiveCfg = Debug|Any CPU
		{7D6D549F-ECC7-41BA-869F-E5CB945191CC}.Debug|Any CPU.Build.0 = Debug|Any CPU
		{7D6D549F-ECC7-41BA-869F-E5CB945191CC}.Debug|x64.ActiveCfg = Debug|Any CPU
		{7D6D549F-ECC7-41BA-869F-E5CB945191CC}.Debug|x64.Build.0 = Debug|Any CPU
		{7D6D549F-ECC7-41BA-869F-E5CB945191CC}.Debug|x86.ActiveCfg = Debug|Any CPU
		{7D6D549F-ECC7-41BA-869F-E5CB945191CC}.Debug|x86.Build.0 = Debug|Any CPU
		{7D6D549F-ECC7-41BA-869F-E5CB945191CC}.Release|Any CPU.ActiveCfg = Release|Any CPU
		{7D6D549F-ECC7-41BA-869F-E5CB945191CC}.Release|Any CPU.Build.0 = Release|Any CPU
		{7D6D549F-ECC7-41BA-869F-E5CB945191CC}.Release|x64.ActiveCfg = Release|Any CPU
		{7D6D549F-ECC7-41BA-869F-E5CB945191CC}.Release|x64.Build.0 = Release|Any CPU
		{7D6D549F-ECC7-41BA-869F-E5CB945191CC}.Release|x86.ActiveCfg = Release|Any CPU
		{7D6D549F-ECC7-41BA-869F-E5CB945191CC}.Release|x86.Build.0 = Release|Any CPU
		{1C619E40-F880-4462-B94E-EB4A16313D26}.Debug|Any CPU.ActiveCfg = Debug|Any CPU
		{1C619E40-F880-4462-B94E-EB4A16313D26}.Debug|Any CPU.Build.0 = Debug|Any CPU
		{1C619E40-F880-4462-B94E-EB4A16313D26}.Debug|x64.ActiveCfg = Debug|Any CPU
		{1C619E40-F880-4462-B94E-EB4A16313D26}.Debug|x64.Build.0 = Debug|Any CPU
		{1C619E40-F880-4462-B94E-EB4A16313D26}.Debug|x86.ActiveCfg = Debug|Any CPU
		{1C619E40-F880-4462-B94E-EB4A16313D26}.Debug|x86.Build.0 = Debug|Any CPU
		{1C619E40-F880-4462-B94E-EB4A16313D26}.Release|Any CPU.ActiveCfg = Release|Any CPU
		{1C619E40-F880-4462-B94E-EB4A16313D26}.Release|Any CPU.Build.0 = Release|Any CPU
		{1C619E40-F880-4462-B94E-EB4A16313D26}.Release|x64.ActiveCfg = Release|Any CPU
		{1C619E40-F880-4462-B94E-EB4A16313D26}.Release|x64.Build.0 = Release|Any CPU
		{1C619E40-F880-4462-B94E-EB4A16313D26}.Release|x86.ActiveCfg = Release|Any CPU
		{1C619E40-F880-4462-B94E-EB4A16313D26}.Release|x86.Build.0 = Release|Any CPU
		{2EB32DF2-458A-44AD-9051-2B9E26ADE923}.Debug|Any CPU.ActiveCfg = Debug|Any CPU
		{2EB32DF2-458A-44AD-9051-2B9E26ADE923}.Debug|Any CPU.Build.0 = Debug|Any CPU
		{2EB32DF2-458A-44AD-9051-2B9E26ADE923}.Debug|x64.ActiveCfg = Debug|Any CPU
		{2EB32DF2-458A-44AD-9051-2B9E26ADE923}.Debug|x64.Build.0 = Debug|Any CPU
		{2EB32DF2-458A-44AD-9051-2B9E26ADE923}.Debug|x86.ActiveCfg = Debug|Any CPU
		{2EB32DF2-458A-44AD-9051-2B9E26ADE923}.Debug|x86.Build.0 = Debug|Any CPU
		{2EB32DF2-458A-44AD-9051-2B9E26ADE923}.Release|Any CPU.ActiveCfg = Release|Any CPU
		{2EB32DF2-458A-44AD-9051-2B9E26ADE923}.Release|Any CPU.Build.0 = Release|Any CPU
		{2EB32DF2-458A-44AD-9051-2B9E26ADE923}.Release|x64.ActiveCfg = Release|Any CPU
		{2EB32DF2-458A-44AD-9051-2B9E26ADE923}.Release|x64.Build.0 = Release|Any CPU
		{2EB32DF2-458A-44AD-9051-2B9E26ADE923}.Release|x86.ActiveCfg = Release|Any CPU
		{2EB32DF2-458A-44AD-9051-2B9E26ADE923}.Release|x86.Build.0 = Release|Any CPU
	EndGlobalSection
	GlobalSection(SolutionProperties) = preSolution
		HideSolutionNode = FALSE
	EndGlobalSection
	GlobalSection(ExtensibilityGlobals) = postSolution
		SolutionGuid = {EABB8170-7D2C-48E4-AF27-E5B2371E5CF1}
	EndGlobalSection
EndGlobal
